// !$*UTF8*$!
{
	archiveVersion = 1;
	classes = {
	};
	objectVersion = 46;
	objects = {

/* Begin PBXBuildFile section */
		601FFE7C1BFF2F9D005D0FB8 /* AppDelegate.swift in Sources */ = {isa = PBXBuildFile; fileRef = 601FFE7B1BFF2F9D005D0FB8 /* AppDelegate.swift */; };
		601FFE7E1BFF2F9D005D0FB8 /* ViewController.swift in Sources */ = {isa = PBXBuildFile; fileRef = 601FFE7D1BFF2F9D005D0FB8 /* ViewController.swift */; };
		601FFE811BFF2F9D005D0FB8 /* Main.storyboard in Resources */ = {isa = PBXBuildFile; fileRef = 601FFE7F1BFF2F9D005D0FB8 /* Main.storyboard */; };
		601FFE831BFF2F9D005D0FB8 /* Assets.xcassets in Resources */ = {isa = PBXBuildFile; fileRef = 601FFE821BFF2F9D005D0FB8 /* Assets.xcassets */; };
		601FFE861BFF2F9D005D0FB8 /* LaunchScreen.storyboard in Resources */ = {isa = PBXBuildFile; fileRef = 601FFE841BFF2F9D005D0FB8 /* LaunchScreen.storyboard */; };
		601FFE911BFF2F9D005D0FB8 /* LittleScholarsTrackerTests.swift in Sources */ = {isa = PBXBuildFile; fileRef = 601FFE901BFF2F9D005D0FB8 /* LittleScholarsTrackerTests.swift */; };
		601FFE9C1BFF2F9D005D0FB8 /* LittleScholarsTrackerUITests.swift in Sources */ = {isa = PBXBuildFile; fileRef = 601FFE9B1BFF2F9D005D0FB8 /* LittleScholarsTrackerUITests.swift */; };
/* End PBXBuildFile section */

/* Begin PBXContainerItemProxy section */
		601FFE8D1BFF2F9D005D0FB8 /* PBXContainerItemProxy */ = {
			isa = PBXContainerItemProxy;
			containerPortal = 601FFE701BFF2F9C005D0FB8 /* Project object */;
			proxyType = 1;
			remoteGlobalIDString = 601FFE771BFF2F9C005D0FB8;
			remoteInfo = LittleScholarsTracker;
		};
		601FFE981BFF2F9D005D0FB8 /* PBXContainerItemProxy */ = {
			isa = PBXContainerItemProxy;
			containerPortal = 601FFE701BFF2F9C005D0FB8 /* Project object */;
			proxyType = 1;
			remoteGlobalIDString = 601FFE771BFF2F9C005D0FB8;
			remoteInfo = LittleScholarsTracker;
		};
/* End PBXContainerItemProxy section */

/* Begin PBXFileReference section */
		601FFE781BFF2F9C005D0FB8 /* LittleScholarsTracker.app */ = {isa = PBXFileReference; explicitFileType = wrapper.application; includeInIndex = 0; path = LittleScholarsTracker.app; sourceTree = BUILT_PRODUCTS_DIR; };
		601FFE7B1BFF2F9D005D0FB8 /* AppDelegate.swift */ = {isa = PBXFileReference; lastKnownFileType = sourcecode.swift; path = AppDelegate.swift; sourceTree = "<group>"; };
		601FFE7D1BFF2F9D005D0FB8 /* ViewController.swift */ = {isa = PBXFileReference; lastKnownFileType = sourcecode.swift; path = ViewController.swift; sourceTree = "<group>"; };
		601FFE801BFF2F9D005D0FB8 /* Base */ = {isa = PBXFileReference; lastKnownFileType = file.storyboard; name = Base; path = Base.lproj/Main.storyboard; sourceTree = "<group>"; };
		601FFE821BFF2F9D005D0FB8 /* Assets.xcassets */ = {isa = PBXFileReference; lastKnownFileType = folder.assetcatalog; path = Assets.xcassets; sourceTree = "<group>"; };
		601FFE851BFF2F9D005D0FB8 /* Base */ = {isa = PBXFileReference; lastKnownFileType = file.storyboard; name = Base; path = Base.lproj/LaunchScreen.storyboard; sourceTree = "<group>"; };
		601FFE871BFF2F9D005D0FB8 /* Info.plist */ = {isa = PBXFileReference; lastKnownFileType = text.plist.xml; path = Info.plist; sourceTree = "<group>"; };
		601FFE8C1BFF2F9D005D0FB8 /* LittleScholarsTrackerTests.xctest */ = {isa = PBXFileReference; explicitFileType = wrapper.cfbundle; includeInIndex = 0; path = LittleScholarsTrackerTests.xctest; sourceTree = BUILT_PRODUCTS_DIR; };
		601FFE901BFF2F9D005D0FB8 /* LittleScholarsTrackerTests.swift */ = {isa = PBXFileReference; lastKnownFileType = sourcecode.swift; path = LittleScholarsTrackerTests.swift; sourceTree = "<group>"; };
		601FFE921BFF2F9D005D0FB8 /* Info.plist */ = {isa = PBXFileReference; lastKnownFileType = text.plist.xml; path = Info.plist; sourceTree = "<group>"; };
		601FFE971BFF2F9D005D0FB8 /* LittleScholarsTrackerUITests.xctest */ = {isa = PBXFileReference; explicitFileType = wrapper.cfbundle; includeInIndex = 0; path = LittleScholarsTrackerUITests.xctest; sourceTree = BUILT_PRODUCTS_DIR; };
		601FFE9B1BFF2F9D005D0FB8 /* LittleScholarsTrackerUITests.swift */ = {isa = PBXFileReference; lastKnownFileType = sourcecode.swift; path = LittleScholarsTrackerUITests.swift; sourceTree = "<group>"; };
		601FFE9D1BFF2F9D005D0FB8 /* Info.plist */ = {isa = PBXFileReference; lastKnownFileType = text.plist.xml; path = Info.plist; sourceTree = "<group>"; };
/* End PBXFileReference section */

/* Begin PBXFrameworksBuildPhase section */
		601FFE751BFF2F9C005D0FB8 /* Frameworks */ = {
			isa = PBXFrameworksBuildPhase;
			buildActionMask = 2147483647;
			files = (
			);
			runOnlyForDeploymentPostprocessing = 0;
		};
		601FFE891BFF2F9D005D0FB8 /* Frameworks */ = {
			isa = PBXFrameworksBuildPhase;
			buildActionMask = 2147483647;
			files = (
			);
			runOnlyForDeploymentPostprocessing = 0;
		};
		601FFE941BFF2F9D005D0FB8 /* Frameworks */ = {
			isa = PBXFrameworksBuildPhase;
			buildActionMask = 2147483647;
			files = (
			);
			runOnlyForDeploymentPostprocessing = 0;
		};
/* End PBXFrameworksBuildPhase section */

/* Begin PBXGroup section */
		601FFE6F1BFF2F9C005D0FB8 = {
			isa = PBXGroup;
			children = (
				601FFE7A1BFF2F9C005D0FB8 /* LittleScholarsTracker */,
				601FFE8F1BFF2F9D005D0FB8 /* LittleScholarsTrackerTests */,
				601FFE9A1BFF2F9D005D0FB8 /* LittleScholarsTrackerUITests */,
				601FFE791BFF2F9C005D0FB8 /* Products */,
			);
			sourceTree = "<group>";
		};
		601FFE791BFF2F9C005D0FB8 /* Products */ = {
			isa = PBXGroup;
			children = (
				601FFE781BFF2F9C005D0FB8 /* LittleScholarsTracker.app */,
				601FFE8C1BFF2F9D005D0FB8 /* LittleScholarsTrackerTests.xctest */,
				601FFE971BFF2F9D005D0FB8 /* LittleScholarsTrackerUITests.xctest */,
			);
			name = Products;
			sourceTree = "<group>";
		};
		601FFE7A1BFF2F9C005D0FB8 /* LittleScholarsTracker */ = {
			isa = PBXGroup;
			children = (
				601FFE7B1BFF2F9D005D0FB8 /* AppDelegate.swift */,
				601FFE7D1BFF2F9D005D0FB8 /* ViewController.swift */,
				601FFE7F1BFF2F9D005D0FB8 /* Main.storyboard */,
				601FFE821BFF2F9D005D0FB8 /* Assets.xcassets */,
				601FFE841BFF2F9D005D0FB8 /* LaunchScreen.storyboard */,
				601FFE871BFF2F9D005D0FB8 /* Info.plist */,
			);
			path = LittleScholarsTracker;
			sourceTree = "<group>";
		};
		601FFE8F1BFF2F9D005D0FB8 /* LittleScholarsTrackerTests */ = {
			isa = PBXGroup;
			children = (
				601FFE901BFF2F9D005D0FB8 /* LittleScholarsTrackerTests.swift */,
				601FFE921BFF2F9D005D0FB8 /* Info.plist */,
			);
			path = LittleScholarsTrackerTests;
			sourceTree = "<group>";
		};
		601FFE9A1BFF2F9D005D0FB8 /* LittleScholarsTrackerUITests */ = {
			isa = PBXGroup;
			children = (
				601FFE9B1BFF2F9D005D0FB8 /* LittleScholarsTrackerUITests.swift */,
				601FFE9D1BFF2F9D005D0FB8 /* Info.plist */,
			);
			path = LittleScholarsTrackerUITests;
			sourceTree = "<group>";
		};
/* End PBXGroup section */

/* Begin PBXNativeTarget section */
		601FFE771BFF2F9C005D0FB8 /* LittleScholarsTracker */ = {
			isa = PBXNativeTarget;
			buildConfigurationList = 601FFEA01BFF2F9D005D0FB8 /* Build configuration list for PBXNativeTarget "LittleScholarsTracker" */;
			buildPhases = (
				601FFE741BFF2F9C005D0FB8 /* Sources */,
				601FFE751BFF2F9C005D0FB8 /* Frameworks */,
				601FFE761BFF2F9C005D0FB8 /* Resources */,
			);
			buildRules = (
			);
			dependencies = (
			);
			name = LittleScholarsTracker;
			productName = LittleScholarsTracker;
			productReference = 601FFE781BFF2F9C005D0FB8 /* LittleScholarsTracker.app */;
			productType = "com.apple.product-type.application";
		};
		601FFE8B1BFF2F9D005D0FB8 /* LittleScholarsTrackerTests */ = {
			isa = PBXNativeTarget;
			buildConfigurationList = 601FFEA31BFF2F9D005D0FB8 /* Build configuration list for PBXNativeTarget "LittleScholarsTrackerTests" */;
			buildPhases = (
				601FFE881BFF2F9D005D0FB8 /* Sources */,
				601FFE891BFF2F9D005D0FB8 /* Frameworks */,
				601FFE8A1BFF2F9D005D0FB8 /* Resources */,
			);
			buildRules = (
			);
			dependencies = (
				601FFE8E1BFF2F9D005D0FB8 /* PBXTargetDependency */,
			);
			name = LittleScholarsTrackerTests;
			productName = LittleScholarsTrackerTests;
			productReference = 601FFE8C1BFF2F9D005D0FB8 /* LittleScholarsTrackerTests.xctest */;
			productType = "com.apple.product-type.bundle.unit-test";
		};
		601FFE961BFF2F9D005D0FB8 /* LittleScholarsTrackerUITests */ = {
			isa = PBXNativeTarget;
			buildConfigurationList = 601FFEA61BFF2F9D005D0FB8 /* Build configuration list for PBXNativeTarget "LittleScholarsTrackerUITests" */;
			buildPhases = (
				601FFE931BFF2F9D005D0FB8 /* Sources */,
				601FFE941BFF2F9D005D0FB8 /* Frameworks */,
				601FFE951BFF2F9D005D0FB8 /* Resources */,
			);
			buildRules = (
			);
			dependencies = (
				601FFE991BFF2F9D005D0FB8 /* PBXTargetDependency */,
			);
			name = LittleScholarsTrackerUITests;
			productName = LittleScholarsTrackerUITests;
			productReference = 601FFE971BFF2F9D005D0FB8 /* LittleScholarsTrackerUITests.xctest */;
			productType = "com.apple.product-type.bundle.ui-testing";
		};
/* End PBXNativeTarget section */

/* Begin PBXProject section */
		601FFE701BFF2F9C005D0FB8 /* Project object */ = {
			isa = PBXProject;
			attributes = {
				LastSwiftUpdateCheck = 0710;
				LastUpgradeCheck = 0710;
				ORGANIZATIONNAME = "Tat Sean Pang";
				TargetAttributes = {
					601FFE771BFF2F9C005D0FB8 = {
						CreatedOnToolsVersion = 7.1.1;
						DevelopmentTeam = WHTN4Z4955;
					};
					601FFE8B1BFF2F9D005D0FB8 = {
						CreatedOnToolsVersion = 7.1.1;
						DevelopmentTeam = WHTN4Z4955;
						TestTargetID = 601FFE771BFF2F9C005D0FB8;
					};
					601FFE961BFF2F9D005D0FB8 = {
						CreatedOnToolsVersion = 7.1.1;
						DevelopmentTeam = WHTN4Z4955;
						TestTargetID = 601FFE771BFF2F9C005D0FB8;
					};
				};
			};
			buildConfigurationList = 601FFE731BFF2F9C005D0FB8 /* Build configuration list for PBXProject "LittleScholarsTracker" */;
			compatibilityVersion = "Xcode 3.2";
			developmentRegion = English;
			hasScannedForEncodings = 0;
			knownRegions = (
				en,
				Base,
			);
			mainGroup = 601FFE6F1BFF2F9C005D0FB8;
			productRefGroup = 601FFE791BFF2F9C005D0FB8 /* Products */;
			projectDirPath = "";
			projectRoot = "";
			targets = (
				601FFE771BFF2F9C005D0FB8 /* LittleScholarsTracker */,
				601FFE8B1BFF2F9D005D0FB8 /* LittleScholarsTrackerTests */,
				601FFE961BFF2F9D005D0FB8 /* LittleScholarsTrackerUITests */,
			);
		};
/* End PBXProject section */

/* Begin PBXResourcesBuildPhase section */
		601FFE761BFF2F9C005D0FB8 /* Resources */ = {
			isa = PBXResourcesBuildPhase;
			buildActionMask = 2147483647;
			files = (
				601FFE861BFF2F9D005D0FB8 /* LaunchScreen.storyboard in Resources */,
				601FFE831BFF2F9D005D0FB8 /* Assets.xcassets in Resources */,
				601FFE811BFF2F9D005D0FB8 /* Main.storyboard in Resources */,
			);
			runOnlyForDeploymentPostprocessing = 0;
		};
		601FFE8A1BFF2F9D005D0FB8 /* Resources */ = {
			isa = PBXResourcesBuildPhase;
			buildActionMask = 2147483647;
			files = (
			);
			runOnlyForDeploymentPostprocessing = 0;
		};
		601FFE951BFF2F9D005D0FB8 /* Resources */ = {
			isa = PBXResourcesBuildPhase;
			buildActionMask = 2147483647;
			files = (
			);
			runOnlyForDeploymentPostprocessing = 0;
		};
/* End PBXResourcesBuildPhase section */

/* Begin PBXSourcesBuildPhase section */
		601FFE741BFF2F9C005D0FB8 /* Sources */ = {
			isa = PBXSourcesBuildPhase;
			buildActionMask = 2147483647;
			files = (
				601FFE7E1BFF2F9D005D0FB8 /* ViewController.swift in Sources */,
				601FFE7C1BFF2F9D005D0FB8 /* AppDelegate.swift in Sources */,
			);
			runOnlyForDeploymentPostprocessing = 0;
		};
		601FFE881BFF2F9D005D0FB8 /* Sources */ = {
			isa = PBXSourcesBuildPhase;
			buildActionMask = 2147483647;
			files = (
				601FFE911BFF2F9D005D0FB8 /* LittleScholarsTrackerTests.swift in Sources */,
			);
			runOnlyForDeploymentPostprocessing = 0;
		};
		601FFE931BFF2F9D005D0FB8 /* Sources */ = {
			isa = PBXSourcesBuildPhase;
			buildActionMask = 2147483647;
			files = (
				601FFE9C1BFF2F9D005D0FB8 /* LittleScholarsTrackerUITests.swift in Sources */,
			);
			runOnlyForDeploymentPostprocessing = 0;
		};
/* End PBXSourcesBuildPhase section */

/* Begin PBXTargetDependency section */
		601FFE8E1BFF2F9D005D0FB8 /* PBXTargetDependency */ = {
			isa = PBXTargetDependency;
			target = 601FFE771BFF2F9C005D0FB8 /* LittleScholarsTracker */;
			targetProxy = 601FFE8D1BFF2F9D005D0FB8 /* PBXContainerItemProxy */;
		};
		601FFE991BFF2F9D005D0FB8 /* PBXTargetDependency */ = {
			isa = PBXTargetDependency;
			target = 601FFE771BFF2F9C005D0FB8 /* LittleScholarsTracker */;
			targetProxy = 601FFE981BFF2F9D005D0FB8 /* PBXContainerItemProxy */;
		};
/* End PBXTargetDependency section */

/* Begin PBXVariantGroup section */
		601FFE7F1BFF2F9D005D0FB8 /* Main.storyboard */ = {
			isa = PBXVariantGroup;
			children = (
				601FFE801BFF2F9D005D0FB8 /* Base */,
			);
			name = Main.storyboard;
			sourceTree = "<group>";
		};
		601FFE841BFF2F9D005D0FB8 /* LaunchScreen.storyboard */ = {
			isa = PBXVariantGroup;
			children = (
				601FFE851BFF2F9D005D0FB8 /* Base */,
			);
			name = LaunchScreen.storyboard;
			sourceTree = "<group>";
		};
/* End PBXVariantGroup section */

/* Begin XCBuildConfiguration section */
		601FFE9E1BFF2F9D005D0FB8 /* Debug */ = {
			isa = XCBuildConfiguration;
			buildSettings = {
				ALWAYS_SEARCH_USER_PATHS = NO;
				CLANG_CXX_LANGUAGE_STANDARD = "gnu++0x";
				CLANG_CXX_LIBRARY = "libc++";
				CLANG_ENABLE_MODULES = YES;
				CLANG_ENABLE_OBJC_ARC = YES;
				CLANG_WARN_BOOL_CONVERSION = YES;
				CLANG_WARN_CONSTANT_CONVERSION = YES;
				CLANG_WARN_DIRECT_OBJC_ISA_USAGE = YES_ERROR;
				CLANG_WARN_EMPTY_BODY = YES;
				CLANG_WARN_ENUM_CONVERSION = YES;
				CLANG_WARN_INT_CONVERSION = YES;
				CLANG_WARN_OBJC_ROOT_CLASS = YES_ERROR;
				CLANG_WARN_UNREACHABLE_CODE = YES;
				CLANG_WARN__DUPLICATE_METHOD_MATCH = YES;
				"CODE_SIGN_IDENTITY[sdk=iphoneos*]" = "iPhone Developer";
				COPY_PHASE_STRIP = NO;
				DEBUG_INFORMATION_FORMAT = dwarf;
				ENABLE_STRICT_OBJC_MSGSEND = YES;
				ENABLE_TESTABILITY = YES;
				GCC_C_LANGUAGE_STANDARD = gnu99;
				GCC_DYNAMIC_NO_PIC = NO;
				GCC_NO_COMMON_BLOCKS = YES;
				GCC_OPTIMIZATION_LEVEL = 0;
				GCC_PREPROCESSOR_DEFINITIONS = (
					"DEBUG=1",
					"$(inherited)",
				);
				GCC_WARN_64_TO_32_BIT_CONVERSION = YES;
				GCC_WARN_ABOUT_RETURN_TYPE = YES_ERROR;
				GCC_WARN_UNDECLARED_SELECTOR = YES;
				GCC_WARN_UNINITIALIZED_AUTOS = YES_AGGRESSIVE;
				GCC_WARN_UNUSED_FUNCTION = YES;
				GCC_WARN_UNUSED_VARIABLE = YES;
				IPHONEOS_DEPLOYMENT_TARGET = 9.1;
				MTL_ENABLE_DEBUG_INFO = YES;
				ONLY_ACTIVE_ARCH = YES;
				SDKROOT = iphoneos;
				SWIFT_OPTIMIZATION_LEVEL = "-Onone";
			};
			name = Debug;
		};
		601FFE9F1BFF2F9D005D0FB8 /* Release */ = {
			isa = XCBuildConfiguration;
			buildSettings = {
				ALWAYS_SEARCH_USER_PATHS = NO;
				CLANG_CXX_LANGUAGE_STANDARD = "gnu++0x";
				CLANG_CXX_LIBRARY = "libc++";
				CLANG_ENABLE_MODULES = YES;
				CLANG_ENABLE_OBJC_ARC = YES;
				CLANG_WARN_BOOL_CONVERSION = YES;
				CLANG_WARN_CONSTANT_CONVERSION = YES;
				CLANG_WARN_DIRECT_OBJC_ISA_USAGE = YES_ERROR;
				CLANG_WARN_EMPTY_BODY = YES;
				CLANG_WARN_ENUM_CONVERSION = YES;
				CLANG_WARN_INT_CONVERSION = YES;
				CLANG_WARN_OBJC_ROOT_CLASS = YES_ERROR;
				CLANG_WARN_UNREACHABLE_CODE = YES;
				CLANG_WARN__DUPLICATE_METHOD_MATCH = YES;
				"CODE_SIGN_IDENTITY[sdk=iphoneos*]" = "iPhone Developer";
				COPY_PHASE_STRIP = NO;
				DEBUG_INFORMATION_FORMAT = "dwarf-with-dsym";
				ENABLE_NS_ASSERTIONS = NO;
				ENABLE_STRICT_OBJC_MSGSEND = YES;
				GCC_C_LANGUAGE_STANDARD = gnu99;
				GCC_NO_COMMON_BLOCKS = YES;
				GCC_WARN_64_TO_32_BIT_CONVERSION = YES;
				GCC_WARN_ABOUT_RETURN_TYPE = YES_ERROR;
				GCC_WARN_UNDECLARED_SELECTOR = YES;
				GCC_WARN_UNINITIALIZED_AUTOS = YES_AGGRESSIVE;
				GCC_WARN_UNUSED_FUNCTION = YES;
				GCC_WARN_UNUSED_VARIABLE = YES;
				IPHONEOS_DEPLOYMENT_TARGET = 9.1;
				MTL_ENABLE_DEBUG_INFO = NO;
				SDKROOT = iphoneos;
				VALIDATE_PRODUCT = YES;
			};
			name = Release;
		};
		601FFEA11BFF2F9D005D0FB8 /* Debug */ = {
			isa = XCBuildConfiguration;
			buildSettings = {
				ASSETCATALOG_COMPILER_APPICON_NAME = AppIcon;
				INFOPLIST_FILE = LittleScholarsTracker/Info.plist;
				LD_RUNPATH_SEARCH_PATHS = "$(inherited) @executable_path/Frameworks";
				PRODUCT_BUNDLE_IDENTIFIER = com.hackingwithswift.LittleScholarsTracker;
				PRODUCT_NAME = "$(TARGET_NAME)";
			};
			name = Debug;
		};
		601FFEA21BFF2F9D005D0FB8 /* Release */ = {
			isa = XCBuildConfiguration;
			buildSettings = {
				ASSETCATALOG_COMPILER_APPICON_NAME = AppIcon;
				INFOPLIST_FILE = LittleScholarsTracker/Info.plist;
				LD_RUNPATH_SEARCH_PATHS = "$(inherited) @executable_path/Frameworks";
				PRODUCT_BUNDLE_IDENTIFIER = com.hackingwithswift.LittleScholarsTracker;
				PRODUCT_NAME = "$(TARGET_NAME)";
			};
			name = Release;
		};
		601FFEA41BFF2F9D005D0FB8 /* Debug */ = {
			isa = XCBuildConfiguration;
			buildSettings = {
				BUNDLE_LOADER = "$(TEST_HOST)";
				INFOPLIST_FILE = LittleScholarsTrackerTests/Info.plist;
				LD_RUNPATH_SEARCH_PATHS = "$(inherited) @executable_path/Frameworks @loader_path/Frameworks";
				PRODUCT_BUNDLE_IDENTIFIER = com.hackingwithswift.LittleScholarsTrackerTests;
				PRODUCT_NAME = "$(TARGET_NAME)";
				TEST_HOST = "$(BUILT_PRODUCTS_DIR)/LittleScholarsTracker.app/LittleScholarsTracker";
			};
			name = Debug;
		};
		601FFEA51BFF2F9D005D0FB8 /* Release */ = {
			isa = XCBuildConfiguration;
			buildSettings = {
				BUNDLE_LOADER = "$(TEST_HOST)";
				INFOPLIST_FILE = LittleScholarsTrackerTests/Info.plist;
				LD_RUNPATH_SEARCH_PATHS = "$(inherited) @executable_path/Frameworks @loader_path/Frameworks";
				PRODUCT_BUNDLE_IDENTIFIER = com.hackingwithswift.LittleScholarsTrackerTests;
				PRODUCT_NAME = "$(TARGET_NAME)";
				TEST_HOST = "$(BUILT_PRODUCTS_DIR)/LittleScholarsTracker.app/LittleScholarsTracker";
			};
			name = Release;
		};
		601FFEA71BFF2F9D005D0FB8 /* Debug */ = {
			isa = XCBuildConfiguration;
			buildSettings = {
				INFOPLIST_FILE = LittleScholarsTrackerUITests/Info.plist;
				LD_RUNPATH_SEARCH_PATHS = "$(inherited) @executable_path/Frameworks @loader_path/Frameworks";
				PRODUCT_BUNDLE_IDENTIFIER = com.hackingwithswift.LittleScholarsTrackerUITests;
				PRODUCT_NAME = "$(TARGET_NAME)";
				TEST_TARGET_NAME = LittleScholarsTracker;
				USES_XCTRUNNER = YES;
			};
			name = Debug;
		};
		601FFEA81BFF2F9D005D0FB8 /* Release */ = {
			isa = XCBuildConfiguration;
			buildSettings = {
				INFOPLIST_FILE = LittleScholarsTrackerUITests/Info.plist;
				LD_RUNPATH_SEARCH_PATHS = "$(inherited) @executable_path/Frameworks @loader_path/Frameworks";
				PRODUCT_BUNDLE_IDENTIFIER = com.hackingwithswift.LittleScholarsTrackerUITests;
				PRODUCT_NAME = "$(TARGET_NAME)";
				TEST_TARGET_NAME = LittleScholarsTracker;
				USES_XCTRUNNER = YES;
			};
			name = Release;
		};
/* End XCBuildConfiguration section */

/* Begin XCConfigurationList section */
		601FFE731BFF2F9C005D0FB8 /* Build configuration list for PBXProject "LittleScholarsTracker" */ = {
			isa = XCConfigurationList;
			buildConfigurations = (
				601FFE9E1BFF2F9D005D0FB8 /* Debug */,
				601FFE9F1BFF2F9D005D0FB8 /* Release */,
			);
			defaultConfigurationIsVisible = 0;
			defaultConfigurationName = Release;
		};
		601FFEA01BFF2F9D005D0FB8 /* Build configuration list for PBXNativeTarget "LittleScholarsTracker" */ = {
			isa = XCConfigurationList;
			buildConfigurations = (
				601FFEA11BFF2F9D005D0FB8 /* Debug */,
				601FFEA21BFF2F9D005D0FB8 /* Release */,
			);
			defaultConfigurationIsVisible = 0;
		};
		601FFEA31BFF2F9D005D0FB8 /* Build configuration list for PBXNativeTarget "LittleScholarsTrackerTests" */ = {
			isa = XCConfigurationList;
			buildConfigurations = (
				601FFEA41BFF2F9D005D0FB8 /* Debug */,
				601FFEA51BFF2F9D005D0FB8 /* Release */,
			);
			defaultConfigurationIsVisible = 0;
		};
		601FFEA61BFF2F9D005D0FB8 /* Build configuration list for PBXNativeTarget "LittleScholarsTrackerUITests" */ = {
			isa = XCConfigurationList;
			buildConfigurations = (
				601FFEA71BFF2F9D005D0FB8 /* Debug */,
				601FFEA81BFF2F9D005D0FB8 /* Release */,
			);
			defaultConfigurationIsVisible = 0;
		};
/* End XCConfigurationList section */
	};
	rootObject = 601FFE701BFF2F9C005D0FB8 /* Project object */;
}
